
Microsoft Visual Studio Solution File, Format Version 12.00
# Visual Studio 15
VisualStudioVersion = 15.0.26730.16
MinimumVisualStudioVersion = 10.0.40219.1
Project("{A07B5EB6-E848-4116-A8D0-A826331D98C6}") = "Request_Response", "request-response\Request-Response\Request_Response.sfproj", "{59F03AC4-9242-4E60-826F-9FB70C7A9B47}"
EndProject
Project("{FAE04EC0-301F-11D3-BF4B-00C04F79EFBC}") = "Front", "request-response\Front\Front.csproj", "{D85DB6FD-0D9D-4995-8CD6-897084F31993}"
EndProject
Project("{FAE04EC0-301F-11D3-BF4B-00C04F79EFBC}") = "Back", "request-response\Back\Back.csproj", "{C0F7E00B-B70E-4654-A38A-5686BD75BB86}"
EndProject
Project("{2150E333-8FDC-42A3-9474-1A3956D46DE8}") = "request-response", "request-response", "{C67FFCBE-103A-468C-816C-E263D42A0498}"
EndProject
Global
	GlobalSection(SolutionConfigurationPlatforms) = preSolution
		Debug|Any CPU = Debug|Any CPU
		Debug|x64 = Debug|x64
		Release|Any CPU = Release|Any CPU
		Release|x64 = Release|x64
	EndGlobalSection
	GlobalSection(ProjectConfigurationPlatforms) = postSolution
		{59F03AC4-9242-4E60-826F-9FB70C7A9B47}.Debug|Any CPU.ActiveCfg = Debug|x64
		{59F03AC4-9242-4E60-826F-9FB70C7A9B47}.Debug|x64.ActiveCfg = Debug|x64
		{59F03AC4-9242-4E60-826F-9FB70C7A9B47}.Debug|x64.Build.0 = Debug|x64
		{59F03AC4-9242-4E60-826F-9FB70C7A9B47}.Debug|x64.Deploy.0 = Debug|x64
		{59F03AC4-9242-4E60-826F-9FB70C7A9B47}.Release|Any CPU.ActiveCfg = Release|x64
		{59F03AC4-9242-4E60-826F-9FB70C7A9B47}.Release|x64.ActiveCfg = Release|x64
		{59F03AC4-9242-4E60-826F-9FB70C7A9B47}.Release|x64.Build.0 = Release|x64
		{59F03AC4-9242-4E60-826F-9FB70C7A9B47}.Release|x64.Deploy.0 = Release|x64
		{D85DB6FD-0D9D-4995-8CD6-897084F31993}.Debug|Any CPU.ActiveCfg = Debug|Any CPU
		{D85DB6FD-0D9D-4995-8CD6-897084F31993}.Debug|Any CPU.Build.0 = Debug|Any CPU
		{D85DB6FD-0D9D-4995-8CD6-897084F31993}.Debug|x64.ActiveCfg = Debug|Any CPU
		{D85DB6FD-0D9D-4995-8CD6-897084F31993}.Debug|x64.Build.0 = Debug|Any CPU
		{D85DB6FD-0D9D-4995-8CD6-897084F31993}.Release|Any CPU.ActiveCfg = Release|Any CPU
		{D85DB6FD-0D9D-4995-8CD6-897084F31993}.Release|Any CPU.Build.0 = Release|Any CPU
		{D85DB6FD-0D9D-4995-8CD6-897084F31993}.Release|x64.ActiveCfg = Release|Any CPU
		{D85DB6FD-0D9D-4995-8CD6-897084F31993}.Release|x64.Build.0 = Release|Any CPU
		{C0F7E00B-B70E-4654-A38A-5686BD75BB86}.Debug|Any CPU.ActiveCfg = Debug|Any CPU
		{C0F7E00B-B70E-4654-A38A-5686BD75BB86}.Debug|Any CPU.Build.0 = Debug|Any CPU
		{C0F7E00B-B70E-4654-A38A-5686BD75BB86}.Debug|x64.ActiveCfg = Debug|Any CPU
		{C0F7E00B-B70E-4654-A38A-5686BD75BB86}.Debug|x64.Build.0 = Debug|Any CPU
		{C0F7E00B-B70E-4654-A38A-5686BD75BB86}.Release|Any CPU.ActiveCfg = Release|Any CPU
		{C0F7E00B-B70E-4654-A38A-5686BD75BB86}.Release|Any CPU.Build.0 = Release|Any CPU
		{C0F7E00B-B70E-4654-A38A-5686BD75BB86}.Release|x64.ActiveCfg = Release|Any CPU
		{C0F7E00B-B70E-4654-A38A-5686BD75BB86}.Release|x64.Build.0 = Release|Any CPU
	EndGlobalSection
	GlobalSection(SolutionProperties) = preSolution
		HideSolutionNode = FALSE
	EndGlobalSection
	GlobalSection(NestedProjects) = preSolution
		{59F03AC4-9242-4E60-826F-9FB70C7A9B47} = {C67FFCBE-103A-468C-816C-E263D42A0498}
		{D85DB6FD-0D9D-4995-8CD6-897084F31993} = {C67FFCBE-103A-468C-816C-E263D42A0498}
		{C0F7E00B-B70E-4654-A38A-5686BD75BB86} = {C67FFCBE-103A-468C-816C-E263D42A0498}
	EndGlobalSection
	GlobalSection(ExtensibilityGlobals) = postSolution
		SolutionGuid = {4201E608-1CD1-4A3C-90F5-F8C3402F73A3}
	EndGlobalSection
EndGlobal
